PODS:
  - Extra (0.1.0):
    - Extra/Foundation (= 0.1.0)
    - Extra/Realm (= 0.1.0)
    - Extra/UIKit (= 0.1.0)
  - Extra/Foundation (0.1.0)
  - Extra/Realm (0.1.0):
    - RealmSwift (~> 2.0)
  - Extra/UIKit (0.1.0)
  - Realm (2.1.2):
    - Realm/Headers (= 2.1.2)
  - Realm/Headers (2.1.2)
  - RealmSwift (2.1.2):
    - Realm (= 2.1.2)
  - RxCocoa (3.0.1):
    - RxSwift (~> 3.0)
  - RxSwift (3.0.1)
  - SwiftGen (4.0.1)

DEPENDENCIES:
  - Extra (from `../`)
  - RxCocoa (~> 3.0.1)
  - SwiftGen (~> 4.0.1)

EXTERNAL SOURCES:
  Extra:
    :path: "../"

SPEC CHECKSUMS:
  Extra: 966f5bae8b52765f866d838bbd001b1fe178c3c6
  Realm: efe855f4d977c8ce5a82d3116d9f1ff155a6550c
  RealmSwift: 17d6ee30b6f9df86364408c2197492e33bfea567
  RxCocoa: 15a52fc590dcc700cb4a690a633b5c5184ce3a78
  RxSwift: af5680055c4ad04480189c52d28385b1029493a6
  SwiftGen: 04bbc1fb69add82a7a471380dfbdd00b45912d17

PODFILE CHECKSUM: da2f7e3ed3e14f0c3b4836723fcb5aec01147821

COCOAPODS: 1.1.1
